
Microsoft Visual Studio Solution File, Format Version 12.00
# Visual Studio Version 16
VisualStudioVersion = 25.0.1706.11
MinimumVisualStudioVersion = 10.0.40219.1
Project("{FAE04EC0-301F-11D3-BF4B-00C04F79EFBC}") = "FoodSecurityMonitoring", "FoodSecurityMonitoring.csproj", "{01361DCF-46F8-4938-A6C4-44F3EF61FD6F}"
EndProject
Global
	GlobalSection(SolutionConfigurationPlatforms) = preSolution
		Debug|Any CPU = Debug|Any CPU
		Release|Any CPU = Release|Any CPU
	EndGlobalSection
	GlobalSection(ProjectConfigurationPlatforms) = postSolution
		{01361DCF-46F8-4938-A6C4-44F3EF61FD6F}.Debug|Any CPU.ActiveCfg = Debug|Any CPU
		{01361DCF-46F8-4938-A6C4-44F3EF61FD6F}.Debug|Any CPU.Build.0 = Debug|Any CPU
		{01361DCF-46F8-4938-A6C4-44F3EF61FD6F}.Release|Any CPU.ActiveCfg = Release|Any CPU
		{01361DCF-46F8-4938-A6C4-44F3EF61FD6F}.Release|Any CPU.Build.0 = Release|Any CPU
	EndGlobalSection
	GlobalSection(SolutionProperties) = preSolution
		HideSolutionNode = FALSE
	EndGlobalSection
	GlobalSection(ExtensibilityGlobals) = postSolution
		SolutionGuid = {C3069052-E546-4588-9883-057485D9B153}
	EndGlobalSection
EndGlobal
